%{
  "blue_heron": {:hex, :blue_heron, "0.2.1", "e41bffbef7478eccf09c548eddc6695e2675877b4a0b6682b451982e9493f5f8", [:mix], [], "hexpm", "63988dec52695cd5e9902d3cf041baadf5839498b8e007a49434bb9be7e2d883"},
  "blue_heron_transport_uart": {:git, "https://github.com/blue-heron/blue_heron_transport_uart.git", "a4c1ce3b2a31f17fa1c1f50b064e5e5af06336d9", [branch: "wilink8"]},
  "circuits_gpio": {:hex, :circuits_gpio, "1.0.0", "b2a493b1822ec712bfba7068a016930f6db5e31713b9b84ed8bc307c7c323682", [:make, :mix], [{:elixir_make, "~> 0.6", [hex: :elixir_make, repo: "hexpm", optional: false]}], "hexpm", "da64c1d9ba1329cd7ca7e63adcd68d73e2294d6b48eb66c9a1064f3db5c523f3"},
  "circuits_uart": {:hex, :circuits_uart, "1.4.3", "3753ed5b8792bab65f3e3c9c4ef00c51bcd5af7bb504bdfcba0648cb9b37e0de", [:mix], [{:elixir_make, "~> 0.6", [hex: :elixir_make, repo: "hexpm", optional: false]}], "hexpm", "80e568af4144ebf060af19d9354a545f96fe1ac069d91ac852ee9f2cee8af581"},
  "elixir_make": {:hex, :elixir_make, "0.6.3", "bc07d53221216838d79e03a8019d0839786703129599e9619f4ab74c8c096eac", [:mix], [], "hexpm", "f5cbd651c5678bcaabdbb7857658ee106b12509cd976c2c2fca99688e1daf716"},
}
